// !$*UTF8*$!
{
	archiveVersion = 1;
	classes = {
	};
	objectVersion = 55;
	objects = {

/* Begin PBXBuildFile section */
		226110EB283F4EEA00E30566 /* BTThemeColor.plist in Resources */ = {isa = PBXBuildFile; fileRef = 226110EA283F4EEA00E30566 /* BTThemeColor.plist */; };
		226110EE283F513800E30566 /* BTAreaListVC.m in Sources */ = {isa = PBXBuildFile; fileRef = 226110ED283F513800E30566 /* BTAreaListVC.m */; };
		226110F0283F522700E30566 /* areaData.txt in Resources */ = {isa = PBXBuildFile; fileRef = 226110EF283F522700E30566 /* areaData.txt */; };
		226110F3283F546E00E30566 /* BTAreaModel.m in Sources */ = {isa = PBXBuildFile; fileRef = 226110F2283F546E00E30566 /* BTAreaModel.m */; };
		226110F6283F69C300E30566 /* BTAreaSectionView.m in Sources */ = {isa = PBXBuildFile; fileRef = 226110F5283F69C300E30566 /* BTAreaSectionView.m */; };
		22817AE6283E37D800E818C8 /* AppDelegate.m in Sources */ = {isa = PBXBuildFile; fileRef = 22817AE5283E37D800E818C8 /* AppDelegate.m */; };
		22817AEC283E37D800E818C8 /* ViewController.m in Sources */ = {isa = PBXBuildFile; fileRef = 22817AEB283E37D800E818C8 /* ViewController.m */; };
		22817AEF283E37D800E818C8 /* Main.storyboard in Resources */ = {isa = PBXBuildFile; fileRef = 22817AED283E37D800E818C8 /* Main.storyboard */; };
		22817AF1283E37D900E818C8 /* Assets.xcassets in Resources */ = {isa = PBXBuildFile; fileRef = 22817AF0283E37D900E818C8 /* Assets.xcassets */; };
		22817AF4283E37D900E818C8 /* LaunchScreen.storyboard in Resources */ = {isa = PBXBuildFile; fileRef = 22817AF2283E37D900E818C8 /* LaunchScreen.storyboard */; };
		22817AF7283E37D900E818C8 /* main.m in Sources */ = {isa = PBXBuildFile; fileRef = 22817AF6283E37D900E818C8 /* main.m */; };
		22817AFF283E395300E818C8 /* HomeVC.m in Sources */ = {isa = PBXBuildFile; fileRef = 22817AFE283E395300E818C8 /* HomeVC.m */; };
		3674976B4105ED0CC6D98F3C /* Pods_btmodule.framework in Frameworks */ = {isa = PBXBuildFile; fileRef = 9BA1270B2ECE7A11A86EBC8C /* Pods_btmodule.framework */; };
/* End PBXBuildFile section */

/* Begin PBXFileReference section */
		226110EA283F4EEA00E30566 /* BTThemeColor.plist */ = {isa = PBXFileReference; fileEncoding = 4; lastKnownFileType = text.plist.xml; path = BTThemeColor.plist; sourceTree = "<group>"; };
		226110EC283F513800E30566 /* BTAreaListVC.h */ = {isa = PBXFileReference; lastKnownFileType = sourcecode.c.h; path = BTAreaListVC.h; sourceTree = "<group>"; };
		226110ED283F513800E30566 /* BTAreaListVC.m */ = {isa = PBXFileReference; lastKnownFileType = sourcecode.c.objc; path = BTAreaListVC.m; sourceTree = "<group>"; };
		226110EF283F522700E30566 /* areaData.txt */ = {isa = PBXFileReference; fileEncoding = 4; lastKnownFileType = text; path = areaData.txt; sourceTree = "<group>"; };
		226110F1283F546E00E30566 /* BTAreaModel.h */ = {isa = PBXFileReference; lastKnownFileType = sourcecode.c.h; path = BTAreaModel.h; sourceTree = "<group>"; };
		226110F2283F546E00E30566 /* BTAreaModel.m */ = {isa = PBXFileReference; lastKnownFileType = sourcecode.c.objc; path = BTAreaModel.m; sourceTree = "<group>"; };
		226110F4283F69C300E30566 /* BTAreaSectionView.h */ = {isa = PBXFileReference; lastKnownFileType = sourcecode.c.h; path = BTAreaSectionView.h; sourceTree = "<group>"; };
		226110F5283F69C300E30566 /* BTAreaSectionView.m */ = {isa = PBXFileReference; lastKnownFileType = sourcecode.c.objc; path = BTAreaSectionView.m; sourceTree = "<group>"; };
		22817AE1283E37D800E818C8 /* btmodule.app */ = {isa = PBXFileReference; explicitFileType = wrapper.application; includeInIndex = 0; path = btmodule.app; sourceTree = BUILT_PRODUCTS_DIR; };
		22817AE4283E37D800E818C8 /* AppDelegate.h */ = {isa = PBXFileReference; lastKnownFileType = sourcecode.c.h; path = AppDelegate.h; sourceTree = "<group>"; };
		22817AE5283E37D800E818C8 /* AppDelegate.m */ = {isa = PBXFileReference; lastKnownFileType = sourcecode.c.objc; path = AppDelegate.m; sourceTree = "<group>"; };
		22817AEA283E37D800E818C8 /* ViewController.h */ = {isa = PBXFileReference; lastKnownFileType = sourcecode.c.h; path = ViewController.h; sourceTree = "<group>"; };
		22817AEB283E37D800E818C8 /* ViewController.m */ = {isa = PBXFileReference; lastKnownFileType = sourcecode.c.objc; path = ViewController.m; sourceTree = "<group>"; };
		22817AEE283E37D800E818C8 /* Base */ = {isa = PBXFileReference; lastKnownFileType = file.storyboard; name = Base; path = Base.lproj/Main.storyboard; sourceTree = "<group>"; };
		22817AF0283E37D900E818C8 /* Assets.xcassets */ = {isa = PBXFileReference; lastKnownFileType = folder.assetcatalog; path = Assets.xcassets; sourceTree = "<group>"; };
		22817AF3283E37D900E818C8 /* Base */ = {isa = PBXFileReference; lastKnownFileType = file.storyboard; name = Base; path = Base.lproj/LaunchScreen.storyboard; sourceTree = "<group>"; };
		22817AF5283E37D900E818C8 /* Info.plist */ = {isa = PBXFileReference; lastKnownFileType = text.plist.xml; path = Info.plist; sourceTree = "<group>"; };
		22817AF6283E37D900E818C8 /* main.m */ = {isa = PBXFileReference; lastKnownFileType = sourcecode.c.objc; path = main.m; sourceTree = "<group>"; };
		22817AFD283E395300E818C8 /* HomeVC.h */ = {isa = PBXFileReference; lastKnownFileType = sourcecode.c.h; path = HomeVC.h; sourceTree = "<group>"; };
		22817AFE283E395300E818C8 /* HomeVC.m */ = {isa = PBXFileReference; lastKnownFileType = sourcecode.c.objc; path = HomeVC.m; sourceTree = "<group>"; };
		4B0AA4C0FFF3D89246F91C30 /* Pods-btmodule.release.xcconfig */ = {isa = PBXFileReference; includeInIndex = 1; lastKnownFileType = text.xcconfig; name = "Pods-btmodule.release.xcconfig"; path = "Target Support Files/Pods-btmodule/Pods-btmodule.release.xcconfig"; sourceTree = "<group>"; };
		6A9E9C7A2EBCEB129AB3F8BB /* Pods-btmodule.debug.xcconfig */ = {isa = PBXFileReference; includeInIndex = 1; lastKnownFileType = text.xcconfig; name = "Pods-btmodule.debug.xcconfig"; path = "Target Support Files/Pods-btmodule/Pods-btmodule.debug.xcconfig"; sourceTree = "<group>"; };
		9BA1270B2ECE7A11A86EBC8C /* Pods_btmodule.framework */ = {isa = PBXFileReference; explicitFileType = wrapper.framework; includeInIndex = 0; path = Pods_btmodule.framework; sourceTree = BUILT_PRODUCTS_DIR; };
/* End PBXFileReference section */

/* Begin PBXFrameworksBuildPhase section */
		22817ADE283E37D800E818C8 /* Frameworks */ = {
			isa = PBXFrameworksBuildPhase;
			buildActionMask = 2147483647;
			files = (
				3674976B4105ED0CC6D98F3C /* Pods_btmodule.framework in Frameworks */,
			);
			runOnlyForDeploymentPostprocessing = 0;
		};
/* End PBXFrameworksBuildPhase section */

/* Begin PBXGroup section */
		204E24E9C691483DF670DD6B /* Frameworks */ = {
			isa = PBXGroup;
			children = (
				9BA1270B2ECE7A11A86EBC8C /* Pods_btmodule.framework */,
			);
			name = Frameworks;
			sourceTree = "<group>";
		};
		22817AD8283E37D800E818C8 = {
			isa = PBXGroup;
			children = (
				22817AE3283E37D800E818C8 /* btmodule */,
				22817AE2283E37D800E818C8 /* Products */,
				A7AB6A04E5BC26641F8407FA /* Pods */,
				204E24E9C691483DF670DD6B /* Frameworks */,
			);
			sourceTree = "<group>";
		};
		22817AE2283E37D800E818C8 /* Products */ = {
			isa = PBXGroup;
			children = (
				22817AE1283E37D800E818C8 /* btmodule.app */,
			);
			name = Products;
			sourceTree = "<group>";
		};
		22817AE3283E37D800E818C8 /* btmodule */ = {
			isa = PBXGroup;
			children = (
				226110EA283F4EEA00E30566 /* BTThemeColor.plist */,
				22817B00283E3A2A00E818C8 /* areaSelect */,
				22817AE4283E37D800E818C8 /* AppDelegate.h */,
				22817AE5283E37D800E818C8 /* AppDelegate.m */,
				22817AEA283E37D800E818C8 /* ViewController.h */,
				22817AEB283E37D800E818C8 /* ViewController.m */,
				22817AFD283E395300E818C8 /* HomeVC.h */,
				22817AFE283E395300E818C8 /* HomeVC.m */,
				22817AED283E37D800E818C8 /* Main.storyboard */,
				22817AF0283E37D900E818C8 /* Assets.xcassets */,
				22817AF2283E37D900E818C8 /* LaunchScreen.storyboard */,
				22817AF5283E37D900E818C8 /* Info.plist */,
				22817AF6283E37D900E818C8 /* main.m */,
			);
			path = btmodule;
			sourceTree = "<group>";
		};
		22817B00283E3A2A00E818C8 /* areaSelect */ = {
			isa = PBXGroup;
			children = (
				226110EF283F522700E30566 /* areaData.txt */,
				226110EC283F513800E30566 /* BTAreaListVC.h */,
				226110ED283F513800E30566 /* BTAreaListVC.m */,
				226110F1283F546E00E30566 /* BTAreaModel.h */,
				226110F2283F546E00E30566 /* BTAreaModel.m */,
				226110F4283F69C300E30566 /* BTAreaSectionView.h */,
				226110F5283F69C300E30566 /* BTAreaSectionView.m */,
			);
			path = areaSelect;
			sourceTree = "<group>";
		};
		A7AB6A04E5BC26641F8407FA /* Pods */ = {
			isa = PBXGroup;
			children = (
				6A9E9C7A2EBCEB129AB3F8BB /* Pods-btmodule.debug.xcconfig */,
				4B0AA4C0FFF3D89246F91C30 /* Pods-btmodule.release.xcconfig */,
			);
			path = Pods;
			sourceTree = "<group>";
		};
/* End PBXGroup section */

/* Begin PBXNativeTarget section */
		22817AE0283E37D800E818C8 /* btmodule */ = {
			isa = PBXNativeTarget;
			buildConfigurationList = 22817AFA283E37D900E818C8 /* Build configuration list for PBXNativeTarget "btmodule" */;
			buildPhases = (
				D6442BC4566BF9B0CDA83C41 /* [CP] Check Pods Manifest.lock */,
				22817ADD283E37D800E818C8 /* Sources */,
				22817ADE283E37D800E818C8 /* Frameworks */,
				22817ADF283E37D800E818C8 /* Resources */,
				87FE135D40BD5749D5371407 /* [CP] Embed Pods Frameworks */,
			);
			buildRules = (
			);
			dependencies = (
			);
			name = btmodule;
			productName = btmodule;
			productReference = 22817AE1283E37D800E818C8 /* btmodule.app */;
			productType = "com.apple.product-type.application";
		};
/* End PBXNativeTarget section */

/* Begin PBXProject section */
		22817AD9283E37D800E818C8 /* Project object */ = {
			isa = PBXProject;
			attributes = {
				BuildIndependentTargetsInParallel = 1;
				LastUpgradeCheck = 1330;
				TargetAttributes = {
					22817AE0283E37D800E818C8 = {
						CreatedOnToolsVersion = 13.3.1;
					};
				};
			};
			buildConfigurationList = 22817ADC283E37D800E818C8 /* Build configuration list for PBXProject "btmodule" */;
			compatibilityVersion = "Xcode 13.0";
			developmentRegion = en;
			hasScannedForEncodings = 0;
			knownRegions = (
				en,
				Base,
			);
			mainGroup = 22817AD8283E37D800E818C8;
			productRefGroup = 22817AE2283E37D800E818C8 /* Products */;
			projectDirPath = "";
			projectRoot = "";
			targets = (
				22817AE0283E37D800E818C8 /* btmodule */,
			);
		};
/* End PBXProject section */

/* Begin PBXResourcesBuildPhase section */
		22817ADF283E37D800E818C8 /* Resources */ = {
			isa = PBXResourcesBuildPhase;
			buildActionMask = 2147483647;
			files = (
				226110F0283F522700E30566 /* areaData.txt in Resources */,
				226110EB283F4EEA00E30566 /* BTThemeColor.plist in Resources */,
				22817AF4283E37D900E818C8 /* LaunchScreen.storyboard in Resources */,
				22817AF1283E37D900E818C8 /* Assets.xcassets in Resources */,
				22817AEF283E37D800E818C8 /* Main.storyboard in Resources */,
			);
			runOnlyForDeploymentPostprocessing = 0;
		};
/* End PBXResourcesBuildPhase section */

/* Begin PBXShellScriptBuildPhase section */
		87FE135D40BD5749D5371407 /* [CP] Embed Pods Frameworks */ = {
			isa = PBXShellScriptBuildPhase;
			buildActionMask = 2147483647;
			files = (
			);
			inputFileListPaths = (
				"${PODS_ROOT}/Target Support Files/Pods-btmodule/Pods-btmodule-frameworks-${CONFIGURATION}-input-files.xcfilelist",
			);
			name = "[CP] Embed Pods Frameworks";
			outputFileListPaths = (
				"${PODS_ROOT}/Target Support Files/Pods-btmodule/Pods-btmodule-frameworks-${CONFIGURATION}-output-files.xcfilelist",
			);
			runOnlyForDeploymentPostprocessing = 0;
			shellPath = /bin/sh;
			shellScript = "\"${PODS_ROOT}/Target Support Files/Pods-btmodule/Pods-btmodule-frameworks.sh\"\n";
			showEnvVarsInLog = 0;
		};
		D6442BC4566BF9B0CDA83C41 /* [CP] Check Pods Manifest.lock */ = {
			isa = PBXShellScriptBuildPhase;
			buildActionMask = 2147483647;
			files = (
			);
			inputFileListPaths = (
			);
			inputPaths = (
				"${PODS_PODFILE_DIR_PATH}/Podfile.lock",
				"${PODS_ROOT}/Manifest.lock",
			);
			name = "[CP] Check Pods Manifest.lock";
			outputFileListPaths = (
			);
			outputPaths = (
				"$(DERIVED_FILE_DIR)/Pods-btmodule-checkManifestLockResult.txt",
			);
			runOnlyForDeploymentPostprocessing = 0;
			shellPath = /bin/sh;
			shellScript = "diff \"${PODS_PODFILE_DIR_PATH}/Podfile.lock\" \"${PODS_ROOT}/Manifest.lock\" > /dev/null\nif [ $? != 0 ] ; then\n    # print error to STDERR\n    echo \"error: The sandbox is not in sync with the Podfile.lock. Run 'pod install' or update your CocoaPods installation.\" >&2\n    exit 1\nfi\n# This output is used by Xcode 'outputs' to avoid re-running this script phase.\necho \"SUCCESS\" > \"${SCRIPT_OUTPUT_FILE_0}\"\n";
			showEnvVarsInLog = 0;
		};
/* End PBXShellScriptBuildPhase section */

/* Begin PBXSourcesBuildPhase section */
		22817ADD283E37D800E818C8 /* Sources */ = {
			isa = PBXSourcesBuildPhase;
			buildActionMask = 2147483647;
			files = (
				22817AEC283E37D800E818C8 /* ViewController.m in Sources */,
				226110EE283F513800E30566 /* BTAreaListVC.m in Sources */,
				226110F3283F546E00E30566 /* BTAreaModel.m in Sources */,
				226110F6283F69C300E30566 /* BTAreaSectionView.m in Sources */,
				22817AFF283E395300E818C8 /* HomeVC.m in Sources */,
				22817AE6283E37D800E818C8 /* AppDelegate.m in Sources */,
				22817AF7283E37D900E818C8 /* main.m in Sources */,
			);
			runOnlyForDeploymentPostprocessing = 0;
		};
/* End PBXSourcesBuildPhase section */

/* Begin PBXVariantGroup section */
		22817AED283E37D800E818C8 /* Main.storyboard */ = {
			isa = PBXVariantGroup;
			children = (
				22817AEE283E37D800E818C8 /* Base */,
			);
			name = Main.storyboard;
			sourceTree = "<group>";
		};
		22817AF2283E37D900E818C8 /* LaunchScreen.storyboard */ = {
			isa = PBXVariantGroup;
			children = (
				22817AF3283E37D900E818C8 /* Base */,
			);
			name = LaunchScreen.storyboard;
			sourceTree = "<group>";
		};
/* End PBXVariantGroup section */

/* Begin XCBuildConfiguration section */
		22817AF8283E37D900E818C8 /* Debug */ = {
			isa = XCBuildConfiguration;
			buildSettings = {
				ALWAYS_SEARCH_USER_PATHS = NO;
				CLANG_ANALYZER_NONNULL = YES;
				CLANG_ANALYZER_NUMBER_OBJECT_CONVERSION = YES_AGGRESSIVE;
				CLANG_CXX_LANGUAGE_STANDARD = "gnu++17";
				CLANG_ENABLE_MODULES = YES;
				CLANG_ENABLE_OBJC_ARC = YES;
				CLANG_ENABLE_OBJC_WEAK = YES;
				CLANG_WARN_BLOCK_CAPTURE_AUTORELEASING = YES;
				CLANG_WARN_BOOL_CONVERSION = YES;
				CLANG_WARN_COMMA = YES;
				CLANG_WARN_CONSTANT_CONVERSION = YES;
				CLANG_WARN_DEPRECATED_OBJC_IMPLEMENTATIONS = YES;
				CLANG_WARN_DIRECT_OBJC_ISA_USAGE = YES_ERROR;
				CLANG_WARN_DOCUMENTATION_COMMENTS = YES;
				CLANG_WARN_EMPTY_BODY = YES;
				CLANG_WARN_ENUM_CONVERSION = YES;
				CLANG_WARN_INFINITE_RECURSION = YES;
				CLANG_WARN_INT_CONVERSION = YES;
				CLANG_WARN_NON_LITERAL_NULL_CONVERSION = YES;
				CLANG_WARN_OBJC_IMPLICIT_RETAIN_SELF = YES;
				CLANG_WARN_OBJC_LITERAL_CONVERSION = YES;
				CLANG_WARN_OBJC_ROOT_CLASS = YES_ERROR;
				CLANG_WARN_QUOTED_INCLUDE_IN_FRAMEWORK_HEADER = YES;
				CLANG_WARN_RANGE_LOOP_ANALYSIS = YES;
				CLANG_WARN_STRICT_PROTOTYPES = YES;
				CLANG_WARN_SUSPICIOUS_MOVE = YES;
				CLANG_WARN_UNGUARDED_AVAILABILITY = YES_AGGRESSIVE;
				CLANG_WARN_UNREACHABLE_CODE = YES;
				CLANG_WARN__DUPLICATE_METHOD_MATCH = YES;
				COPY_PHASE_STRIP = NO;
				DEBUG_INFORMATION_FORMAT = dwarf;
				ENABLE_STRICT_OBJC_MSGSEND = YES;
				ENABLE_TESTABILITY = YES;
				GCC_C_LANGUAGE_STANDARD = gnu11;
				GCC_DYNAMIC_NO_PIC = NO;
				GCC_NO_COMMON_BLOCKS = YES;
				GCC_OPTIMIZATION_LEVEL = 0;
				GCC_PREPROCESSOR_DEFINITIONS = (
					"DEBUG=1",
					"$(inherited)",
				);
				GCC_WARN_64_TO_32_BIT_CONVERSION = YES;
				GCC_WARN_ABOUT_RETURN_TYPE = YES_ERROR;
				GCC_WARN_UNDECLARED_SELECTOR = YES;
				GCC_WARN_UNINITIALIZED_AUTOS = YES_AGGRESSIVE;
				GCC_WARN_UNUSED_FUNCTION = YES;
				GCC_WARN_UNUSED_VARIABLE = YES;
				IPHONEOS_DEPLOYMENT_TARGET = 15.4;
				MTL_ENABLE_DEBUG_INFO = INCLUDE_SOURCE;
				MTL_FAST_MATH = YES;
				ONLY_ACTIVE_ARCH = YES;
				SDKROOT = iphoneos;
			};
			name = Debug;
		};
		22817AF9283E37D900E818C8 /* Release */ = {
			isa = XCBuildConfiguration;
			buildSettings = {
				ALWAYS_SEARCH_USER_PATHS = NO;
				CLANG_ANALYZER_NONNULL = YES;
				CLANG_ANALYZER_NUMBER_OBJECT_CONVERSION = YES_AGGRESSIVE;
				CLANG_CXX_LANGUAGE_STANDARD = "gnu++17";
				CLANG_ENABLE_MODULES = YES;
				CLANG_ENABLE_OBJC_ARC = YES;
				CLANG_ENABLE_OBJC_WEAK = YES;
				CLANG_WARN_BLOCK_CAPTURE_AUTORELEASING = YES;
				CLANG_WARN_BOOL_CONVERSION = YES;
				CLANG_WARN_COMMA = YES;
				CLANG_WARN_CONSTANT_CONVERSION = YES;
				CLANG_WARN_DEPRECATED_OBJC_IMPLEMENTATIONS = YES;
				CLANG_WARN_DIRECT_OBJC_ISA_USAGE = YES_ERROR;
				CLANG_WARN_DOCUMENTATION_COMMENTS = YES;
				CLANG_WARN_EMPTY_BODY = YES;
				CLANG_WARN_ENUM_CONVERSION = YES;
				CLANG_WARN_INFINITE_RECURSION = YES;
				CLANG_WARN_INT_CONVERSION = YES;
				CLANG_WARN_NON_LITERAL_NULL_CONVERSION = YES;
				CLANG_WARN_OBJC_IMPLICIT_RETAIN_SELF = YES;
				CLANG_WARN_OBJC_LITERAL_CONVERSION = YES;
				CLANG_WARN_OBJC_ROOT_CLASS = YES_ERROR;
				CLANG_WARN_QUOTED_INCLUDE_IN_FRAMEWORK_HEADER = YES;
				CLANG_WARN_RANGE_LOOP_ANALYSIS = YES;
				CLANG_WARN_STRICT_PROTOTYPES = YES;
				CLANG_WARN_SUSPICIOUS_MOVE = YES;
				CLANG_WARN_UNGUARDED_AVAILABILITY = YES_AGGRESSIVE;
				CLANG_WARN_UNREACHABLE_CODE = YES;
				CLANG_WARN__DUPLICATE_METHOD_MATCH = YES;
				COPY_PHASE_STRIP = NO;
				DEBUG_INFORMATION_FORMAT = "dwarf-with-dsym";
				ENABLE_NS_ASSERTIONS = NO;
				ENABLE_STRICT_OBJC_MSGSEND = YES;
				GCC_C_LANGUAGE_STANDARD = gnu11;
				GCC_NO_COMMON_BLOCKS = YES;
				GCC_WARN_64_TO_32_BIT_CONVERSION = YES;
				GCC_WARN_ABOUT_RETURN_TYPE = YES_ERROR;
				GCC_WARN_UNDECLARED_SELECTOR = YES;
				GCC_WARN_UNINITIALIZED_AUTOS = YES_AGGRESSIVE;
				GCC_WARN_UNUSED_FUNCTION = YES;
				GCC_WARN_UNUSED_VARIABLE = YES;
				IPHONEOS_DEPLOYMENT_TARGET = 15.4;
				MTL_ENABLE_DEBUG_INFO = NO;
				MTL_FAST_MATH = YES;
				SDKROOT = iphoneos;
				VALIDATE_PRODUCT = YES;
			};
			name = Release;
		};
		22817AFB283E37D900E818C8 /* Debug */ = {
			isa = XCBuildConfiguration;
			baseConfigurationReference = 6A9E9C7A2EBCEB129AB3F8BB /* Pods-btmodule.debug.xcconfig */;
			buildSettings = {
				ASSETCATALOG_COMPILER_APPICON_NAME = AppIcon;
				ASSETCATALOG_COMPILER_GLOBAL_ACCENT_COLOR_NAME = AccentColor;
				CODE_SIGN_STYLE = Automatic;
				CURRENT_PROJECT_VERSION = 1;
				GENERATE_INFOPLIST_FILE = YES;
				INFOPLIST_FILE = btmodule/Info.plist;
				INFOPLIST_KEY_UIApplicationSupportsIndirectInputEvents = YES;
				INFOPLIST_KEY_UILaunchStoryboardName = LaunchScreen;
				INFOPLIST_KEY_UISupportedInterfaceOrientations_iPad = "UIInterfaceOrientationPortrait UIInterfaceOrientationPortraitUpsideDown UIInterfaceOrientationLandscapeLeft UIInterfaceOrientationLandscapeRight";
				INFOPLIST_KEY_UISupportedInterfaceOrientations_iPhone = "UIInterfaceOrientationPortrait UIInterfaceOrientationLandscapeLeft UIInterfaceOrientationLandscapeRight";
				LD_RUNPATH_SEARCH_PATHS = (
					"$(inherited)",
					"@executable_path/Frameworks",
				);
				MARKETING_VERSION = 1.0;
				PRODUCT_BUNDLE_IDENTIFIER = com.stone.btmodule;
				PRODUCT_NAME = "$(TARGET_NAME)";
				SWIFT_EMIT_LOC_STRINGS = YES;
				TARGETED_DEVICE_FAMILY = "1,2";
			};
			name = Debug;
		};
		22817AFC283E37D900E818C8 /* Release */ = {
			isa = XCBuildConfiguration;
			baseConfigurationReference = 4B0AA4C0FFF3D89246F91C30 /* Pods-btmodule.release.xcconfig */;
			buildSettings = {
				ASSETCATALOG_COMPILER_APPICON_NAME = AppIcon;
				ASSETCATALOG_COMPILER_GLOBAL_ACCENT_COLOR_NAME = AccentColor;
				CODE_SIGN_STYLE = Automatic;
				CURRENT_PROJECT_VERSION = 1;
				GENERATE_INFOPLIST_FILE = YES;
				INFOPLIST_FILE = btmodule/Info.plist;
				INFOPLIST_KEY_UIApplicationSupportsIndirectInputEvents = YES;
				INFOPLIST_KEY_UILaunchStoryboardName = LaunchScreen;
				INFOPLIST_KEY_UISupportedInterfaceOrientations_iPad = "UIInterfaceOrientationPortrait UIInterfaceOrientationPortraitUpsideDown UIInterfaceOrientationLandscapeLeft UIInterfaceOrientationLandscapeRight";
				INFOPLIST_KEY_UISupportedInterfaceOrientations_iPhone = "UIInterfaceOrientationPortrait UIInterfaceOrientationLandscapeLeft UIInterfaceOrientationLandscapeRight";
				LD_RUNPATH_SEARCH_PATHS = (
					"$(inherited)",
					"@executable_path/Frameworks",
				);
				MARKETING_VERSION = 1.0;
				PRODUCT_BUNDLE_IDENTIFIER = com.stone.btmodule;
				PRODUCT_NAME = "$(TARGET_NAME)";
				SWIFT_EMIT_LOC_STRINGS = YES;
				TARGETED_DEVICE_FAMILY = "1,2";
			};
			name = Release;
		};
/* End XCBuildConfiguration section */

/* Begin XCConfigurationList section */
		22817ADC283E37D800E818C8 /* Build configuration list for PBXProject "btmodule" */ = {
			isa = XCConfigurationList;
			buildConfigurations = (
				22817AF8283E37D900E818C8 /* Debug */,
				22817AF9283E37D900E818C8 /* Release */,
			);
			defaultConfigurationIsVisible = 0;
			defaultConfigurationName = Release;
		};
		22817AFA283E37D900E818C8 /* Build configuration list for PBXNativeTarget "btmodule" */ = {
			isa = XCConfigurationList;
			buildConfigurations = (
				22817AFB283E37D900E818C8 /* Debug */,
				22817AFC283E37D900E818C8 /* Release */,
			);
			defaultConfigurationIsVisible = 0;
			defaultConfigurationName = Release;
		};
/* End XCConfigurationList section */
	};
	rootObject = 22817AD9283E37D800E818C8 /* Project object */;
}
